// !$*UTF8*$!
{
	archiveVersion = 1;
	classes = {
	};
	objectVersion = 50;
	objects = {

/* Begin PBXBuildFile section */
		574181132395E8E4007CBFBD /* AppDelegate.swift in Sources */ = {isa = PBXBuildFile; fileRef = 574181122395E8E4007CBFBD /* AppDelegate.swift */; };
		574181152395E8E4007CBFBD /* SceneDelegate.swift in Sources */ = {isa = PBXBuildFile; fileRef = 574181142395E8E4007CBFBD /* SceneDelegate.swift */; };
		574181172395E8E4007CBFBD /* ViewController.swift in Sources */ = {isa = PBXBuildFile; fileRef = 574181162395E8E4007CBFBD /* ViewController.swift */; };
		5741811A2395E8E4007CBFBD /* Main.storyboard in Resources */ = {isa = PBXBuildFile; fileRef = 574181182395E8E4007CBFBD /* Main.storyboard */; };
		5741811C2395E8E6007CBFBD /* Assets.xcassets in Resources */ = {isa = PBXBuildFile; fileRef = 5741811B2395E8E6007CBFBD /* Assets.xcassets */; };
		5741811F2395E8E6007CBFBD /* LaunchScreen.storyboard in Resources */ = {isa = PBXBuildFile; fileRef = 5741811D2395E8E6007CBFBD /* LaunchScreen.storyboard */; };
		574181282395F6AE007CBFBD /* Pictures.plist in Resources */ = {isa = PBXBuildFile; fileRef = 574181272395F6AE007CBFBD /* Pictures.plist */; };
		5741812A2395FCA5007CBFBD /* Picture.swift in Sources */ = {isa = PBXBuildFile; fileRef = 574181292395FCA5007CBFBD /* Picture.swift */; };
		5741812D23962D73007CBFBD /* PictureCell.swift in Sources */ = {isa = PBXBuildFile; fileRef = 5741812C23962D73007CBFBD /* PictureCell.swift */; };
/* End PBXBuildFile section */

/* Begin PBXFileReference section */
		5741810F2395E8E4007CBFBD /* 3by3FlowLayout.app */ = {isa = PBXFileReference; explicitFileType = wrapper.application; includeInIndex = 0; path = 3by3FlowLayout.app; sourceTree = BUILT_PRODUCTS_DIR; };
		574181122395E8E4007CBFBD /* AppDelegate.swift */ = {isa = PBXFileReference; lastKnownFileType = sourcecode.swift; path = AppDelegate.swift; sourceTree = "<group>"; };
		574181142395E8E4007CBFBD /* SceneDelegate.swift */ = {isa = PBXFileReference; lastKnownFileType = sourcecode.swift; path = SceneDelegate.swift; sourceTree = "<group>"; };
		574181162395E8E4007CBFBD /* ViewController.swift */ = {isa = PBXFileReference; lastKnownFileType = sourcecode.swift; path = ViewController.swift; sourceTree = "<group>"; };
		574181192395E8E4007CBFBD /* Base */ = {isa = PBXFileReference; lastKnownFileType = file.storyboard; name = Base; path = Base.lproj/Main.storyboard; sourceTree = "<group>"; };
		5741811B2395E8E6007CBFBD /* Assets.xcassets */ = {isa = PBXFileReference; lastKnownFileType = folder.assetcatalog; path = Assets.xcassets; sourceTree = "<group>"; };
		5741811E2395E8E6007CBFBD /* Base */ = {isa = PBXFileReference; lastKnownFileType = file.storyboard; name = Base; path = Base.lproj/LaunchScreen.storyboard; sourceTree = "<group>"; };
		574181202395E8E6007CBFBD /* Info.plist */ = {isa = PBXFileReference; lastKnownFileType = text.plist.xml; path = Info.plist; sourceTree = "<group>"; };
		574181272395F6AE007CBFBD /* Pictures.plist */ = {isa = PBXFileReference; lastKnownFileType = text.plist.xml; path = Pictures.plist; sourceTree = "<group>"; };
		574181292395FCA5007CBFBD /* Picture.swift */ = {isa = PBXFileReference; lastKnownFileType = sourcecode.swift; path = Picture.swift; sourceTree = "<group>"; };
		5741812C23962D73007CBFBD /* PictureCell.swift */ = {isa = PBXFileReference; lastKnownFileType = sourcecode.swift; path = PictureCell.swift; sourceTree = "<group>"; };
/* End PBXFileReference section */

/* Begin PBXFrameworksBuildPhase section */
		5741810C2395E8E4007CBFBD /* Frameworks */ = {
			isa = PBXFrameworksBuildPhase;
			buildActionMask = 2147483647;
			files = (
			);
			runOnlyForDeploymentPostprocessing = 0;
		};
/* End PBXFrameworksBuildPhase section */

/* Begin PBXGroup section */
		574181062395E8E4007CBFBD = {
			isa = PBXGroup;
			children = (
				574181112395E8E4007CBFBD /* 3by3FlowLayout */,
				574181102395E8E4007CBFBD /* Products */,
			);
			sourceTree = "<group>";
		};
		574181102395E8E4007CBFBD /* Products */ = {
			isa = PBXGroup;
			children = (
				5741810F2395E8E4007CBFBD /* 3by3FlowLayout.app */,
			);
			name = Products;
			sourceTree = "<group>";
		};
		574181112395E8E4007CBFBD /* 3by3FlowLayout */ = {
			isa = PBXGroup;
			children = (
				574181122395E8E4007CBFBD /* AppDelegate.swift */,
				574181142395E8E4007CBFBD /* SceneDelegate.swift */,
				574181162395E8E4007CBFBD /* ViewController.swift */,
				574181182395E8E4007CBFBD /* Main.storyboard */,
				5741812B23962D56007CBFBD /* View */,
				574181262395F69A007CBFBD /* Data */,
				5741811B2395E8E6007CBFBD /* Assets.xcassets */,
				5741811D2395E8E6007CBFBD /* LaunchScreen.storyboard */,
				574181202395E8E6007CBFBD /* Info.plist */,
			);
			path = 3by3FlowLayout;
			sourceTree = "<group>";
		};
		574181262395F69A007CBFBD /* Data */ = {
			isa = PBXGroup;
			children = (
				574181292395FCA5007CBFBD /* Picture.swift */,
				574181272395F6AE007CBFBD /* Pictures.plist */,
			);
			path = Data;
			sourceTree = "<group>";
		};
		5741812B23962D56007CBFBD /* View */ = {
			isa = PBXGroup;
			children = (
				5741812C23962D73007CBFBD /* PictureCell.swift */,
			);
			path = View;
			sourceTree = "<group>";
		};
/* End PBXGroup section */

/* Begin PBXNativeTarget section */
		5741810E2395E8E4007CBFBD /* 3by3FlowLayout */ = {
			isa = PBXNativeTarget;
			buildConfigurationList = 574181232395E8E6007CBFBD /* Build configuration list for PBXNativeTarget "3by3FlowLayout" */;
			buildPhases = (
				5741810B2395E8E4007CBFBD /* Sources */,
				5741810C2395E8E4007CBFBD /* Frameworks */,
				5741810D2395E8E4007CBFBD /* Resources */,
			);
			buildRules = (
			);
			dependencies = (
			);
			name = 3by3FlowLayout;
			productName = 3by3FlowLayout;
			productReference = 5741810F2395E8E4007CBFBD /* 3by3FlowLayout.app */;
			productType = "com.apple.product-type.application";
		};
/* End PBXNativeTarget section */

/* Begin PBXProject section */
		574181072395E8E4007CBFBD /* Project object */ = {
			isa = PBXProject;
			attributes = {
				LastSwiftUpdateCheck = 1120;
				LastUpgradeCheck = 1120;
				ORGANIZATIONNAME = hongjuyeon_dev;
				TargetAttributes = {
					5741810E2395E8E4007CBFBD = {
						CreatedOnToolsVersion = 11.2.1;
					};
				};
			};
			buildConfigurationList = 5741810A2395E8E4007CBFBD /* Build configuration list for PBXProject "3by3FlowLayout" */;
			compatibilityVersion = "Xcode 9.3";
			developmentRegion = en;
			hasScannedForEncodings = 0;
			knownRegions = (
				en,
				Base,
			);
			mainGroup = 574181062395E8E4007CBFBD;
			productRefGroup = 574181102395E8E4007CBFBD /* Products */;
			projectDirPath = "";
			projectRoot = "";
			targets = (
				5741810E2395E8E4007CBFBD /* 3by3FlowLayout */,
			);
		};
/* End PBXProject section */

/* Begin PBXResourcesBuildPhase section */
		5741810D2395E8E4007CBFBD /* Resources */ = {
			isa = PBXResourcesBuildPhase;
			buildActionMask = 2147483647;
			files = (
				5741811F2395E8E6007CBFBD /* LaunchScreen.storyboard in Resources */,
				5741811C2395E8E6007CBFBD /* Assets.xcassets in Resources */,
				5741811A2395E8E4007CBFBD /* Main.storyboard in Resources */,
				574181282395F6AE007CBFBD /* Pictures.plist in Resources */,
			);
			runOnlyForDeploymentPostprocessing = 0;
		};
/* End PBXResourcesBuildPhase section */

/* Begin PBXSourcesBuildPhase section */
		5741810B2395E8E4007CBFBD /* Sources */ = {
			isa = PBXSourcesBuildPhase;
			buildActionMask = 2147483647;
			files = (
				5741812A2395FCA5007CBFBD /* Picture.swift in Sources */,
				574181172395E8E4007CBFBD /* ViewController.swift in Sources */,
				5741812D23962D73007CBFBD /* PictureCell.swift in Sources */,
				574181132395E8E4007CBFBD /* AppDelegate.swift in Sources */,
				574181152395E8E4007CBFBD /* SceneDelegate.swift in Sources */,
			);
			runOnlyForDeploymentPostprocessing = 0;
		};
/* End PBXSourcesBuildPhase section */

/* Begin PBXVariantGroup section */
		574181182395E8E4007CBFBD /* Main.storyboard */ = {
			isa = PBXVariantGroup;
			children = (
				574181192395E8E4007CBFBD /* Base */,
			);
			name = Main.storyboard;
			sourceTree = "<group>";
		};
		5741811D2395E8E6007CBFBD /* LaunchScreen.storyboard */ = {
			isa = PBXVariantGroup;
			children = (
				5741811E2395E8E6007CBFBD /* Base */,
			);
			name = LaunchScreen.storyboard;
			sourceTree = "<group>";
		};
/* End PBXVariantGroup section */

/* Begin XCBuildConfiguration section */
		574181212395E8E6007CBFBD /* Debug */ = {
			isa = XCBuildConfiguration;
			buildSettings = {
				ALWAYS_SEARCH_USER_PATHS = NO;
				CLANG_ANALYZER_NONNULL = YES;
				CLANG_ANALYZER_NUMBER_OBJECT_CONVERSION = YES_AGGRESSIVE;
				CLANG_CXX_LANGUAGE_STANDARD = "gnu++14";
				CLANG_CXX_LIBRARY = "libc++";
				CLANG_ENABLE_MODULES = YES;
				CLANG_ENABLE_OBJC_ARC = YES;
				CLANG_ENABLE_OBJC_WEAK = YES;
				CLANG_WARN_BLOCK_CAPTURE_AUTORELEASING = YES;
				CLANG_WARN_BOOL_CONVERSION = YES;
				CLANG_WARN_COMMA = YES;
				CLANG_WARN_CONSTANT_CONVERSION = YES;
				CLANG_WARN_DEPRECATED_OBJC_IMPLEMENTATIONS = YES;
				CLANG_WARN_DIRECT_OBJC_ISA_USAGE = YES_ERROR;
				CLANG_WARN_DOCUMENTATION_COMMENTS = YES;
				CLANG_WARN_EMPTY_BODY = YES;
				CLANG_WARN_ENUM_CONVERSION = YES;
				CLANG_WARN_INFINITE_RECURSION = YES;
				CLANG_WARN_INT_CONVERSION = YES;
				CLANG_WARN_NON_LITERAL_NULL_CONVERSION = YES;
				CLANG_WARN_OBJC_IMPLICIT_RETAIN_SELF = YES;
				CLANG_WARN_OBJC_LITERAL_CONVERSION = YES;
				CLANG_WARN_OBJC_ROOT_CLASS = YES_ERROR;
				CLANG_WARN_RANGE_LOOP_ANALYSIS = YES;
				CLANG_WARN_STRICT_PROTOTYPES = YES;
				CLANG_WARN_SUSPICIOUS_MOVE = YES;
				CLANG_WARN_UNGUARDED_AVAILABILITY = YES_AGGRESSIVE;
				CLANG_WARN_UNREACHABLE_CODE = YES;
				CLANG_WARN__DUPLICATE_METHOD_MATCH = YES;
				COPY_PHASE_STRIP = NO;
				DEBUG_INFORMATION_FORMAT = dwarf;
				ENABLE_STRICT_OBJC_MSGSEND = YES;
				ENABLE_TESTABILITY = YES;
				GCC_C_LANGUAGE_STANDARD = gnu11;
				GCC_DYNAMIC_NO_PIC = NO;
				GCC_NO_COMMON_BLOCKS = YES;
				GCC_OPTIMIZATION_LEVEL = 0;
				GCC_PREPROCESSOR_DEFINITIONS = (
					"DEBUG=1",
					"$(inherited)",
				);
				GCC_WARN_64_TO_32_BIT_CONVERSION = YES;
				GCC_WARN_ABOUT_RETURN_TYPE = YES_ERROR;
				GCC_WARN_UNDECLARED_SELECTOR = YES;
				GCC_WARN_UNINITIALIZED_AUTOS = YES_AGGRESSIVE;
				GCC_WARN_UNUSED_FUNCTION = YES;
				GCC_WARN_UNUSED_VARIABLE = YES;
				IPHONEOS_DEPLOYMENT_TARGET = 13.2;
				MTL_ENABLE_DEBUG_INFO = INCLUDE_SOURCE;
				MTL_FAST_MATH = YES;
				ONLY_ACTIVE_ARCH = YES;
				SDKROOT = iphoneos;
				SWIFT_ACTIVE_COMPILATION_CONDITIONS = DEBUG;
				SWIFT_OPTIMIZATION_LEVEL = "-Onone";
				SWIFT_VERSION = 5.0;
			};
			name = Debug;
		};
		574181222395E8E6007CBFBD /* Release */ = {
			isa = XCBuildConfiguration;
			buildSettings = {
				ALWAYS_SEARCH_USER_PATHS = NO;
				CLANG_ANALYZER_NONNULL = YES;
				CLANG_ANALYZER_NUMBER_OBJECT_CONVERSION = YES_AGGRESSIVE;
				CLANG_CXX_LANGUAGE_STANDARD = "gnu++14";
				CLANG_CXX_LIBRARY = "libc++";
				CLANG_ENABLE_MODULES = YES;
				CLANG_ENABLE_OBJC_ARC = YES;
				CLANG_ENABLE_OBJC_WEAK = YES;
				CLANG_WARN_BLOCK_CAPTURE_AUTORELEASING = YES;
				CLANG_WARN_BOOL_CONVERSION = YES;
				CLANG_WARN_COMMA = YES;
				CLANG_WARN_CONSTANT_CONVERSION = YES;
				CLANG_WARN_DEPRECATED_OBJC_IMPLEMENTATIONS = YES;
				CLANG_WARN_DIRECT_OBJC_ISA_USAGE = YES_ERROR;
				CLANG_WARN_DOCUMENTATION_COMMENTS = YES;
				CLANG_WARN_EMPTY_BODY = YES;
				CLANG_WARN_ENUM_CONVERSION = YES;
				CLANG_WARN_INFINITE_RECURSION = YES;
				CLANG_WARN_INT_CONVERSION = YES;
				CLANG_WARN_NON_LITERAL_NULL_CONVERSION = YES;
				CLANG_WARN_OBJC_IMPLICIT_RETAIN_SELF = YES;
				CLANG_WARN_OBJC_LITERAL_CONVERSION = YES;
				CLANG_WARN_OBJC_ROOT_CLASS = YES_ERROR;
				CLANG_WARN_RANGE_LOOP_ANALYSIS = YES;
				CLANG_WARN_STRICT_PROTOTYPES = YES;
				CLANG_WARN_SUSPICIOUS_MOVE = YES;
				CLANG_WARN_UNGUARDED_AVAILABILITY = YES_AGGRESSIVE;
				CLANG_WARN_UNREACHABLE_CODE = YES;
				CLANG_WARN__DUPLICATE_METHOD_MATCH = YES;
				COPY_PHASE_STRIP = NO;
				DEBUG_INFORMATION_FORMAT = "dwarf-with-dsym";
				ENABLE_NS_ASSERTIONS = NO;
				ENABLE_STRICT_OBJC_MSGSEND = YES;
				GCC_C_LANGUAGE_STANDARD = gnu11;
				GCC_NO_COMMON_BLOCKS = YES;
				GCC_WARN_64_TO_32_BIT_CONVERSION = YES;
				GCC_WARN_ABOUT_RETURN_TYPE = YES_ERROR;
				GCC_WARN_UNDECLARED_SELECTOR = YES;
				GCC_WARN_UNINITIALIZED_AUTOS = YES_AGGRESSIVE;
				GCC_WARN_UNUSED_FUNCTION = YES;
				GCC_WARN_UNUSED_VARIABLE = YES;
				IPHONEOS_DEPLOYMENT_TARGET = 13.2;
				MTL_ENABLE_DEBUG_INFO = NO;
				MTL_FAST_MATH = YES;
				SDKROOT = iphoneos;
				SWIFT_COMPILATION_MODE = wholemodule;
				SWIFT_OPTIMIZATION_LEVEL = "-O";
				SWIFT_VERSION = 5.0;
				VALIDATE_PRODUCT = YES;
			};
			name = Release;
		};
		574181242395E8E6007CBFBD /* Debug */ = {
			isa = XCBuildConfiguration;
			buildSettings = {
				ASSETCATALOG_COMPILER_APPICON_NAME = AppIcon;
				CODE_SIGN_STYLE = Automatic;
				INFOPLIST_FILE = 3by3FlowLayout/Info.plist;
				LD_RUNPATH_SEARCH_PATHS = (
					"$(inherited)",
					"@executable_path/Frameworks",
				);
				PRODUCT_BUNDLE_IDENTIFIER = "com.hongjuyeon.-by3FlowLayout";
				PRODUCT_NAME = "$(TARGET_NAME)";
				SWIFT_VERSION = 5.0;
				TARGETED_DEVICE_FAMILY = "1,2";
			};
			name = Debug;
		};
		574181252395E8E6007CBFBD /* Release */ = {
			isa = XCBuildConfiguration;
			buildSettings = {
				ASSETCATALOG_COMPILER_APPICON_NAME = AppIcon;
				CODE_SIGN_STYLE = Automatic;
				INFOPLIST_FILE = 3by3FlowLayout/Info.plist;
				LD_RUNPATH_SEARCH_PATHS = (
					"$(inherited)",
					"@executable_path/Frameworks",
				);
				PRODUCT_BUNDLE_IDENTIFIER = "com.hongjuyeon.-by3FlowLayout";
				PRODUCT_NAME = "$(TARGET_NAME)";
				SWIFT_VERSION = 5.0;
				TARGETED_DEVICE_FAMILY = "1,2";
			};
			name = Release;
		};
/* End XCBuildConfiguration section */

/* Begin XCConfigurationList section */
		5741810A2395E8E4007CBFBD /* Build configuration list for PBXProject "3by3FlowLayout" */ = {
			isa = XCConfigurationList;
			buildConfigurations = (
				574181212395E8E6007CBFBD /* Debug */,
				574181222395E8E6007CBFBD /* Release */,
			);
			defaultConfigurationIsVisible = 0;
			defaultConfigurationName = Release;
		};
		574181232395E8E6007CBFBD /* Build configuration list for PBXNativeTarget "3by3FlowLayout" */ = {
			isa = XCConfigurationList;
			buildConfigurations = (
				574181242395E8E6007CBFBD /* Debug */,
				574181252395E8E6007CBFBD /* Release */,
			);
			defaultConfigurationIsVisible = 0;
			defaultConfigurationName = Release;
		};
/* End XCConfigurationList section */
	};
	rootObject = 574181072395E8E4007CBFBD /* Project object */;
}
