// !$*UTF8*$!
{
	archiveVersion = 1;
	classes = {
	};
	objectVersion = 50;
	objects = {

/* Begin PBXBuildFile section */
		5741813B2396542C007CBFBD /* AppDelegate.swift in Sources */ = {isa = PBXBuildFile; fileRef = 5741813A2396542C007CBFBD /* AppDelegate.swift */; };
		5741813D2396542C007CBFBD /* SceneDelegate.swift in Sources */ = {isa = PBXBuildFile; fileRef = 5741813C2396542C007CBFBD /* SceneDelegate.swift */; };
		5741813F2396542C007CBFBD /* ViewController.swift in Sources */ = {isa = PBXBuildFile; fileRef = 5741813E2396542C007CBFBD /* ViewController.swift */; };
		574181422396542C007CBFBD /* Main.storyboard in Resources */ = {isa = PBXBuildFile; fileRef = 574181402396542C007CBFBD /* Main.storyboard */; };
		574181442396542D007CBFBD /* Assets.xcassets in Resources */ = {isa = PBXBuildFile; fileRef = 574181432396542D007CBFBD /* Assets.xcassets */; };
		574181472396542D007CBFBD /* LaunchScreen.storyboard in Resources */ = {isa = PBXBuildFile; fileRef = 574181452396542D007CBFBD /* LaunchScreen.storyboard */; };
		57418150239655D0007CBFBD /* Pictures.plist in Resources */ = {isa = PBXBuildFile; fileRef = 5741814F239655D0007CBFBD /* Pictures.plist */; };
		5741815323965800007CBFBD /* PictureCell.swift in Sources */ = {isa = PBXBuildFile; fileRef = 5741815223965800007CBFBD /* PictureCell.swift */; };
		5741815523973E57007CBFBD /* Picture.swift in Sources */ = {isa = PBXBuildFile; fileRef = 5741815423973E57007CBFBD /* Picture.swift */; };
		574181582397459C007CBFBD /* PictureFlowLayout.swift in Sources */ = {isa = PBXBuildFile; fileRef = 574181572397459C007CBFBD /* PictureFlowLayout.swift */; };
/* End PBXBuildFile section */

/* Begin PBXFileReference section */
		574181372396542C007CBFBD /* CarouselLayout.app */ = {isa = PBXFileReference; explicitFileType = wrapper.application; includeInIndex = 0; path = CarouselLayout.app; sourceTree = BUILT_PRODUCTS_DIR; };
		5741813A2396542C007CBFBD /* AppDelegate.swift */ = {isa = PBXFileReference; lastKnownFileType = sourcecode.swift; path = AppDelegate.swift; sourceTree = "<group>"; };
		5741813C2396542C007CBFBD /* SceneDelegate.swift */ = {isa = PBXFileReference; lastKnownFileType = sourcecode.swift; path = SceneDelegate.swift; sourceTree = "<group>"; };
		5741813E2396542C007CBFBD /* ViewController.swift */ = {isa = PBXFileReference; lastKnownFileType = sourcecode.swift; path = ViewController.swift; sourceTree = "<group>"; };
		574181412396542C007CBFBD /* Base */ = {isa = PBXFileReference; lastKnownFileType = file.storyboard; name = Base; path = Base.lproj/Main.storyboard; sourceTree = "<group>"; };
		574181432396542D007CBFBD /* Assets.xcassets */ = {isa = PBXFileReference; lastKnownFileType = folder.assetcatalog; path = Assets.xcassets; sourceTree = "<group>"; };
		574181462396542D007CBFBD /* Base */ = {isa = PBXFileReference; lastKnownFileType = file.storyboard; name = Base; path = Base.lproj/LaunchScreen.storyboard; sourceTree = "<group>"; };
		574181482396542D007CBFBD /* Info.plist */ = {isa = PBXFileReference; lastKnownFileType = text.plist.xml; path = Info.plist; sourceTree = "<group>"; };
		5741814F239655D0007CBFBD /* Pictures.plist */ = {isa = PBXFileReference; fileEncoding = 4; lastKnownFileType = text.plist.xml; path = Pictures.plist; sourceTree = "<group>"; };
		5741815223965800007CBFBD /* PictureCell.swift */ = {isa = PBXFileReference; lastKnownFileType = sourcecode.swift; path = PictureCell.swift; sourceTree = "<group>"; };
		5741815423973E57007CBFBD /* Picture.swift */ = {isa = PBXFileReference; lastKnownFileType = sourcecode.swift; path = Picture.swift; sourceTree = "<group>"; };
		574181572397459C007CBFBD /* PictureFlowLayout.swift */ = {isa = PBXFileReference; lastKnownFileType = sourcecode.swift; path = PictureFlowLayout.swift; sourceTree = "<group>"; };
/* End PBXFileReference section */

/* Begin PBXFrameworksBuildPhase section */
		574181342396542C007CBFBD /* Frameworks */ = {
			isa = PBXFrameworksBuildPhase;
			buildActionMask = 2147483647;
			files = (
			);
			runOnlyForDeploymentPostprocessing = 0;
		};
/* End PBXFrameworksBuildPhase section */

/* Begin PBXGroup section */
		5741812E2396542C007CBFBD = {
			isa = PBXGroup;
			children = (
				574181392396542C007CBFBD /* CarouselLayout */,
				574181382396542C007CBFBD /* Products */,
			);
			sourceTree = "<group>";
		};
		574181382396542C007CBFBD /* Products */ = {
			isa = PBXGroup;
			children = (
				574181372396542C007CBFBD /* CarouselLayout.app */,
			);
			name = Products;
			sourceTree = "<group>";
		};
		574181392396542C007CBFBD /* CarouselLayout */ = {
			isa = PBXGroup;
			children = (
				5741813A2396542C007CBFBD /* AppDelegate.swift */,
				5741813C2396542C007CBFBD /* SceneDelegate.swift */,
				5741813E2396542C007CBFBD /* ViewController.swift */,
				5741815623974581007CBFBD /* Layout */,
				57418151239657EA007CBFBD /* View */,
				5741814E239655BF007CBFBD /* Data */,
				574181402396542C007CBFBD /* Main.storyboard */,
				574181432396542D007CBFBD /* Assets.xcassets */,
				574181452396542D007CBFBD /* LaunchScreen.storyboard */,
				574181482396542D007CBFBD /* Info.plist */,
			);
			path = CarouselLayout;
			sourceTree = "<group>";
		};
		5741814E239655BF007CBFBD /* Data */ = {
			isa = PBXGroup;
			children = (
				5741814F239655D0007CBFBD /* Pictures.plist */,
				5741815423973E57007CBFBD /* Picture.swift */,
			);
			path = Data;
			sourceTree = "<group>";
		};
		57418151239657EA007CBFBD /* View */ = {
			isa = PBXGroup;
			children = (
				5741815223965800007CBFBD /* PictureCell.swift */,
			);
			path = View;
			sourceTree = "<group>";
		};
		5741815623974581007CBFBD /* Layout */ = {
			isa = PBXGroup;
			children = (
				574181572397459C007CBFBD /* PictureFlowLayout.swift */,
			);
			path = Layout;
			sourceTree = "<group>";
		};
/* End PBXGroup section */

/* Begin PBXNativeTarget section */
		574181362396542C007CBFBD /* CarouselLayout */ = {
			isa = PBXNativeTarget;
			buildConfigurationList = 5741814B2396542D007CBFBD /* Build configuration list for PBXNativeTarget "CarouselLayout" */;
			buildPhases = (
				574181332396542C007CBFBD /* Sources */,
				574181342396542C007CBFBD /* Frameworks */,
				574181352396542C007CBFBD /* Resources */,
			);
			buildRules = (
			);
			dependencies = (
			);
			name = CarouselLayout;
			productName = CarouselLayout;
			productReference = 574181372396542C007CBFBD /* CarouselLayout.app */;
			productType = "com.apple.product-type.application";
		};
/* End PBXNativeTarget section */

/* Begin PBXProject section */
		5741812F2396542C007CBFBD /* Project object */ = {
			isa = PBXProject;
			attributes = {
				LastSwiftUpdateCheck = 1120;
				LastUpgradeCheck = 1120;
				ORGANIZATIONNAME = hongjuyeon_dev;
				TargetAttributes = {
					574181362396542C007CBFBD = {
						CreatedOnToolsVersion = 11.2.1;
					};
				};
			};
			buildConfigurationList = 574181322396542C007CBFBD /* Build configuration list for PBXProject "CarouselLayout" */;
			compatibilityVersion = "Xcode 9.3";
			developmentRegion = en;
			hasScannedForEncodings = 0;
			knownRegions = (
				en,
				Base,
			);
			mainGroup = 5741812E2396542C007CBFBD;
			productRefGroup = 574181382396542C007CBFBD /* Products */;
			projectDirPath = "";
			projectRoot = "";
			targets = (
				574181362396542C007CBFBD /* CarouselLayout */,
			);
		};
/* End PBXProject section */

/* Begin PBXResourcesBuildPhase section */
		574181352396542C007CBFBD /* Resources */ = {
			isa = PBXResourcesBuildPhase;
			buildActionMask = 2147483647;
			files = (
				574181472396542D007CBFBD /* LaunchScreen.storyboard in Resources */,
				574181442396542D007CBFBD /* Assets.xcassets in Resources */,
				574181422396542C007CBFBD /* Main.storyboard in Resources */,
				57418150239655D0007CBFBD /* Pictures.plist in Resources */,
			);
			runOnlyForDeploymentPostprocessing = 0;
		};
/* End PBXResourcesBuildPhase section */

/* Begin PBXSourcesBuildPhase section */
		574181332396542C007CBFBD /* Sources */ = {
			isa = PBXSourcesBuildPhase;
			buildActionMask = 2147483647;
			files = (
				574181582397459C007CBFBD /* PictureFlowLayout.swift in Sources */,
				5741815323965800007CBFBD /* PictureCell.swift in Sources */,
				5741815523973E57007CBFBD /* Picture.swift in Sources */,
				5741813F2396542C007CBFBD /* ViewController.swift in Sources */,
				5741813B2396542C007CBFBD /* AppDelegate.swift in Sources */,
				5741813D2396542C007CBFBD /* SceneDelegate.swift in Sources */,
			);
			runOnlyForDeploymentPostprocessing = 0;
		};
/* End PBXSourcesBuildPhase section */

/* Begin PBXVariantGroup section */
		574181402396542C007CBFBD /* Main.storyboard */ = {
			isa = PBXVariantGroup;
			children = (
				574181412396542C007CBFBD /* Base */,
			);
			name = Main.storyboard;
			sourceTree = "<group>";
		};
		574181452396542D007CBFBD /* LaunchScreen.storyboard */ = {
			isa = PBXVariantGroup;
			children = (
				574181462396542D007CBFBD /* Base */,
			);
			name = LaunchScreen.storyboard;
			sourceTree = "<group>";
		};
/* End PBXVariantGroup section */

/* Begin XCBuildConfiguration section */
		574181492396542D007CBFBD /* Debug */ = {
			isa = XCBuildConfiguration;
			buildSettings = {
				ALWAYS_SEARCH_USER_PATHS = NO;
				CLANG_ANALYZER_NONNULL = YES;
				CLANG_ANALYZER_NUMBER_OBJECT_CONVERSION = YES_AGGRESSIVE;
				CLANG_CXX_LANGUAGE_STANDARD = "gnu++14";
				CLANG_CXX_LIBRARY = "libc++";
				CLANG_ENABLE_MODULES = YES;
				CLANG_ENABLE_OBJC_ARC = YES;
				CLANG_ENABLE_OBJC_WEAK = YES;
				CLANG_WARN_BLOCK_CAPTURE_AUTORELEASING = YES;
				CLANG_WARN_BOOL_CONVERSION = YES;
				CLANG_WARN_COMMA = YES;
				CLANG_WARN_CONSTANT_CONVERSION = YES;
				CLANG_WARN_DEPRECATED_OBJC_IMPLEMENTATIONS = YES;
				CLANG_WARN_DIRECT_OBJC_ISA_USAGE = YES_ERROR;
				CLANG_WARN_DOCUMENTATION_COMMENTS = YES;
				CLANG_WARN_EMPTY_BODY = YES;
				CLANG_WARN_ENUM_CONVERSION = YES;
				CLANG_WARN_INFINITE_RECURSION = YES;
				CLANG_WARN_INT_CONVERSION = YES;
				CLANG_WARN_NON_LITERAL_NULL_CONVERSION = YES;
				CLANG_WARN_OBJC_IMPLICIT_RETAIN_SELF = YES;
				CLANG_WARN_OBJC_LITERAL_CONVERSION = YES;
				CLANG_WARN_OBJC_ROOT_CLASS = YES_ERROR;
				CLANG_WARN_RANGE_LOOP_ANALYSIS = YES;
				CLANG_WARN_STRICT_PROTOTYPES = YES;
				CLANG_WARN_SUSPICIOUS_MOVE = YES;
				CLANG_WARN_UNGUARDED_AVAILABILITY = YES_AGGRESSIVE;
				CLANG_WARN_UNREACHABLE_CODE = YES;
				CLANG_WARN__DUPLICATE_METHOD_MATCH = YES;
				COPY_PHASE_STRIP = NO;
				DEBUG_INFORMATION_FORMAT = dwarf;
				ENABLE_STRICT_OBJC_MSGSEND = YES;
				ENABLE_TESTABILITY = YES;
				GCC_C_LANGUAGE_STANDARD = gnu11;
				GCC_DYNAMIC_NO_PIC = NO;
				GCC_NO_COMMON_BLOCKS = YES;
				GCC_OPTIMIZATION_LEVEL = 0;
				GCC_PREPROCESSOR_DEFINITIONS = (
					"DEBUG=1",
					"$(inherited)",
				);
				GCC_WARN_64_TO_32_BIT_CONVERSION = YES;
				GCC_WARN_ABOUT_RETURN_TYPE = YES_ERROR;
				GCC_WARN_UNDECLARED_SELECTOR = YES;
				GCC_WARN_UNINITIALIZED_AUTOS = YES_AGGRESSIVE;
				GCC_WARN_UNUSED_FUNCTION = YES;
				GCC_WARN_UNUSED_VARIABLE = YES;
				IPHONEOS_DEPLOYMENT_TARGET = 13.2;
				MTL_ENABLE_DEBUG_INFO = INCLUDE_SOURCE;
				MTL_FAST_MATH = YES;
				ONLY_ACTIVE_ARCH = YES;
				SDKROOT = iphoneos;
				SWIFT_ACTIVE_COMPILATION_CONDITIONS = DEBUG;
				SWIFT_OPTIMIZATION_LEVEL = "-Onone";
				SWIFT_VERSION = 5.0;
			};
			name = Debug;
		};
		5741814A2396542D007CBFBD /* Release */ = {
			isa = XCBuildConfiguration;
			buildSettings = {
				ALWAYS_SEARCH_USER_PATHS = NO;
				CLANG_ANALYZER_NONNULL = YES;
				CLANG_ANALYZER_NUMBER_OBJECT_CONVERSION = YES_AGGRESSIVE;
				CLANG_CXX_LANGUAGE_STANDARD = "gnu++14";
				CLANG_CXX_LIBRARY = "libc++";
				CLANG_ENABLE_MODULES = YES;
				CLANG_ENABLE_OBJC_ARC = YES;
				CLANG_ENABLE_OBJC_WEAK = YES;
				CLANG_WARN_BLOCK_CAPTURE_AUTORELEASING = YES;
				CLANG_WARN_BOOL_CONVERSION = YES;
				CLANG_WARN_COMMA = YES;
				CLANG_WARN_CONSTANT_CONVERSION = YES;
				CLANG_WARN_DEPRECATED_OBJC_IMPLEMENTATIONS = YES;
				CLANG_WARN_DIRECT_OBJC_ISA_USAGE = YES_ERROR;
				CLANG_WARN_DOCUMENTATION_COMMENTS = YES;
				CLANG_WARN_EMPTY_BODY = YES;
				CLANG_WARN_ENUM_CONVERSION = YES;
				CLANG_WARN_INFINITE_RECURSION = YES;
				CLANG_WARN_INT_CONVERSION = YES;
				CLANG_WARN_NON_LITERAL_NULL_CONVERSION = YES;
				CLANG_WARN_OBJC_IMPLICIT_RETAIN_SELF = YES;
				CLANG_WARN_OBJC_LITERAL_CONVERSION = YES;
				CLANG_WARN_OBJC_ROOT_CLASS = YES_ERROR;
				CLANG_WARN_RANGE_LOOP_ANALYSIS = YES;
				CLANG_WARN_STRICT_PROTOTYPES = YES;
				CLANG_WARN_SUSPICIOUS_MOVE = YES;
				CLANG_WARN_UNGUARDED_AVAILABILITY = YES_AGGRESSIVE;
				CLANG_WARN_UNREACHABLE_CODE = YES;
				CLANG_WARN__DUPLICATE_METHOD_MATCH = YES;
				COPY_PHASE_STRIP = NO;
				DEBUG_INFORMATION_FORMAT = "dwarf-with-dsym";
				ENABLE_NS_ASSERTIONS = NO;
				ENABLE_STRICT_OBJC_MSGSEND = YES;
				GCC_C_LANGUAGE_STANDARD = gnu11;
				GCC_NO_COMMON_BLOCKS = YES;
				GCC_WARN_64_TO_32_BIT_CONVERSION = YES;
				GCC_WARN_ABOUT_RETURN_TYPE = YES_ERROR;
				GCC_WARN_UNDECLARED_SELECTOR = YES;
				GCC_WARN_UNINITIALIZED_AUTOS = YES_AGGRESSIVE;
				GCC_WARN_UNUSED_FUNCTION = YES;
				GCC_WARN_UNUSED_VARIABLE = YES;
				IPHONEOS_DEPLOYMENT_TARGET = 13.2;
				MTL_ENABLE_DEBUG_INFO = NO;
				MTL_FAST_MATH = YES;
				SDKROOT = iphoneos;
				SWIFT_COMPILATION_MODE = wholemodule;
				SWIFT_OPTIMIZATION_LEVEL = "-O";
				SWIFT_VERSION = 5.0;
				VALIDATE_PRODUCT = YES;
			};
			name = Release;
		};
		5741814C2396542D007CBFBD /* Debug */ = {
			isa = XCBuildConfiguration;
			buildSettings = {
				ASSETCATALOG_COMPILER_APPICON_NAME = AppIcon;
				CODE_SIGN_STYLE = Automatic;
				INFOPLIST_FILE = CarouselLayout/Info.plist;
				LD_RUNPATH_SEARCH_PATHS = (
					"$(inherited)",
					"@executable_path/Frameworks",
				);
				PRODUCT_BUNDLE_IDENTIFIER = com.hongjuyeon.CarouselLayout;
				PRODUCT_NAME = "$(TARGET_NAME)";
				SWIFT_VERSION = 5.0;
				TARGETED_DEVICE_FAMILY = "1,2";
			};
			name = Debug;
		};
		5741814D2396542D007CBFBD /* Release */ = {
			isa = XCBuildConfiguration;
			buildSettings = {
				ASSETCATALOG_COMPILER_APPICON_NAME = AppIcon;
				CODE_SIGN_STYLE = Automatic;
				INFOPLIST_FILE = CarouselLayout/Info.plist;
				LD_RUNPATH_SEARCH_PATHS = (
					"$(inherited)",
					"@executable_path/Frameworks",
				);
				PRODUCT_BUNDLE_IDENTIFIER = com.hongjuyeon.CarouselLayout;
				PRODUCT_NAME = "$(TARGET_NAME)";
				SWIFT_VERSION = 5.0;
				TARGETED_DEVICE_FAMILY = "1,2";
			};
			name = Release;
		};
/* End XCBuildConfiguration section */

/* Begin XCConfigurationList section */
		574181322396542C007CBFBD /* Build configuration list for PBXProject "CarouselLayout" */ = {
			isa = XCConfigurationList;
			buildConfigurations = (
				574181492396542D007CBFBD /* Debug */,
				5741814A2396542D007CBFBD /* Release */,
			);
			defaultConfigurationIsVisible = 0;
			defaultConfigurationName = Release;
		};
		5741814B2396542D007CBFBD /* Build configuration list for PBXNativeTarget "CarouselLayout" */ = {
			isa = XCConfigurationList;
			buildConfigurations = (
				5741814C2396542D007CBFBD /* Debug */,
				5741814D2396542D007CBFBD /* Release */,
			);
			defaultConfigurationIsVisible = 0;
			defaultConfigurationName = Release;
		};
/* End XCConfigurationList section */
	};
	rootObject = 5741812F2396542C007CBFBD /* Project object */;
}
